
Microsoft Visual Studio Solution File, Format Version 12.00
# Visual Studio Version 17
VisualStudioVersion = 17.5.001.0
MinimumVisualStudioVersion = 10.0.40219.1
Project("{9A19103F-16F7-4668-BE54-9A1E7A4F7556}") = "PlatformService", "PlatformService.csproj", "{5BD5096F-B74B-4320-BF6E-E1FEFCA15B72}"
EndProject
Global
	GlobalSection(SolutionConfigurationPlatforms) = preSolution
		Debug|Any CPU = Debug|Any CPU
		Release|Any CPU = Release|Any CPU
	EndGlobalSection
	GlobalSection(ProjectConfigurationPlatforms) = postSolution
		{5BD5096F-B74B-4320-BF6E-E1FEFCA15B72}.Debug|Any CPU.ActiveCfg = Debug|Any CPU
		{5BD5096F-B74B-4320-BF6E-E1FEFCA15B72}.Debug|Any CPU.Build.0 = Debug|Any CPU
		{5BD5096F-B74B-4320-BF6E-E1FEFCA15B72}.Release|Any CPU.ActiveCfg = Release|Any CPU
		{5BD5096F-B74B-4320-BF6E-E1FEFCA15B72}.Release|Any CPU.Build.0 = Release|Any CPU
	EndGlobalSection
	GlobalSection(SolutionProperties) = preSolution
		HideSolutionNode = FALSE
	EndGlobalSection
	GlobalSection(ExtensibilityGlobals) = postSolution
		SolutionGuid = {81EA89A1-E88E-4143-8801-667311D7E51E}
	EndGlobalSection
EndGlobal
